
Microsoft Visual Studio Solution File, Format Version 12.00
# Visual Studio Version 17
VisualStudioVersion = 17.7.34018.315
MinimumVisualStudioVersion = 10.0.40219.1
Project("{FAE04EC0-301F-11D3-BF4B-00C04F79EFBC}") = "TypesAndVariables", "TypesAndVariables\TypesAndVariables.csproj", "{7B1366A1-A9BB-426A-8609-7A6603263573}"
EndProject
Project("{FAE04EC0-301F-11D3-BF4B-00C04F79EFBC}") = "Conditionals", "Conditionals\Conditionals.csproj", "{CE962CF2-A22C-4828-AA66-CE304BDED194}"
EndProject
Project("{FAE04EC0-301F-11D3-BF4B-00C04F79EFBC}") = "Methods", "Methods\Methods.csproj", "{6AAA5B4E-6DDE-475B-9C13-80FF597D0395}"
EndProject
Project("{FAE04EC0-301F-11D3-BF4B-00C04F79EFBC}") = "Arrays", "Arrays\Arrays.csproj", "{5373EAEA-CCB4-4EB6-BCE5-7A1B90571233}"
EndProject
Project("{FAE04EC0-301F-11D3-BF4B-00C04F79EFBC}") = "Loops", "Loops\Loops.csproj", "{4E17DE61-0C99-4C0D-AC0B-A958C3CD360F}"
EndProject
Project("{FAE04EC0-301F-11D3-BF4B-00C04F79EFBC}") = "Strings", "Strings\Strings.csproj", "{46E2C85A-36B9-449A-BD37-9A2150914EE1}"
EndProject
Global
	GlobalSection(SolutionConfigurationPlatforms) = preSolution
		Debug|Any CPU = Debug|Any CPU
		Release|Any CPU = Release|Any CPU
	EndGlobalSection
	GlobalSection(ProjectConfigurationPlatforms) = postSolution
		{7B1366A1-A9BB-426A-8609-7A6603263573}.Debug|Any CPU.ActiveCfg = Debug|Any CPU
		{7B1366A1-A9BB-426A-8609-7A6603263573}.Debug|Any CPU.Build.0 = Debug|Any CPU
		{7B1366A1-A9BB-426A-8609-7A6603263573}.Release|Any CPU.ActiveCfg = Release|Any CPU
		{7B1366A1-A9BB-426A-8609-7A6603263573}.Release|Any CPU.Build.0 = Release|Any CPU
		{CE962CF2-A22C-4828-AA66-CE304BDED194}.Debug|Any CPU.ActiveCfg = Debug|Any CPU
		{CE962CF2-A22C-4828-AA66-CE304BDED194}.Debug|Any CPU.Build.0 = Debug|Any CPU
		{CE962CF2-A22C-4828-AA66-CE304BDED194}.Release|Any CPU.ActiveCfg = Release|Any CPU
		{CE962CF2-A22C-4828-AA66-CE304BDED194}.Release|Any CPU.Build.0 = Release|Any CPU
		{6AAA5B4E-6DDE-475B-9C13-80FF597D0395}.Debug|Any CPU.ActiveCfg = Debug|Any CPU
		{6AAA5B4E-6DDE-475B-9C13-80FF597D0395}.Debug|Any CPU.Build.0 = Debug|Any CPU
		{6AAA5B4E-6DDE-475B-9C13-80FF597D0395}.Release|Any CPU.ActiveCfg = Release|Any CPU
		{6AAA5B4E-6DDE-475B-9C13-80FF597D0395}.Release|Any CPU.Build.0 = Release|Any CPU
		{5373EAEA-CCB4-4EB6-BCE5-7A1B90571233}.Debug|Any CPU.ActiveCfg = Debug|Any CPU
		{5373EAEA-CCB4-4EB6-BCE5-7A1B90571233}.Debug|Any CPU.Build.0 = Debug|Any CPU
		{5373EAEA-CCB4-4EB6-BCE5-7A1B90571233}.Release|Any CPU.ActiveCfg = Release|Any CPU
		{5373EAEA-CCB4-4EB6-BCE5-7A1B90571233}.Release|Any CPU.Build.0 = Release|Any CPU
		{4E17DE61-0C99-4C0D-AC0B-A958C3CD360F}.Debug|Any CPU.ActiveCfg = Debug|Any CPU
		{4E17DE61-0C99-4C0D-AC0B-A958C3CD360F}.Debug|Any CPU.Build.0 = Debug|Any CPU
		{4E17DE61-0C99-4C0D-AC0B-A958C3CD360F}.Release|Any CPU.ActiveCfg = Release|Any CPU
		{4E17DE61-0C99-4C0D-AC0B-A958C3CD360F}.Release|Any CPU.Build.0 = Release|Any CPU
		{46E2C85A-36B9-449A-BD37-9A2150914EE1}.Debug|Any CPU.ActiveCfg = Debug|Any CPU
		{46E2C85A-36B9-449A-BD37-9A2150914EE1}.Debug|Any CPU.Build.0 = Debug|Any CPU
		{46E2C85A-36B9-449A-BD37-9A2150914EE1}.Release|Any CPU.ActiveCfg = Release|Any CPU
		{46E2C85A-36B9-449A-BD37-9A2150914EE1}.Release|Any CPU.Build.0 = Release|Any CPU
	EndGlobalSection
	GlobalSection(SolutionProperties) = preSolution
		HideSolutionNode = FALSE
	EndGlobalSection
	GlobalSection(ExtensibilityGlobals) = postSolution
		SolutionGuid = {172B2CA6-A019-4C9A-BA06-4DDB7EBB35FD}
	EndGlobalSection
EndGlobal
